
Microsoft Visual Studio Solution File, Format Version 12.00
# Visual Studio Version 17
VisualStudioVersion = 17.3.32929.385
MinimumVisualStudioVersion = 10.0.40219.1
Project("{F184B08F-C81C-45F6-A57F-5ABD9991F28F}") = "better video game", "better video game\better video game.vbproj", "{3DC16CD5-AA79-4BF7-83D9-1A4E724B12CB}"
EndProject
Global
	GlobalSection(SolutionConfigurationPlatforms) = preSolution
		Debug|Any CPU = Debug|Any CPU
		Release|Any CPU = Release|Any CPU
	EndGlobalSection
	GlobalSection(ProjectConfigurationPlatforms) = postSolution
		{3DC16CD5-AA79-4BF7-83D9-1A4E724B12CB}.Debug|Any CPU.ActiveCfg = Debug|Any CPU
		{3DC16CD5-AA79-4BF7-83D9-1A4E724B12CB}.Debug|Any CPU.Build.0 = Debug|Any CPU
		{3DC16CD5-AA79-4BF7-83D9-1A4E724B12CB}.Release|Any CPU.ActiveCfg = Release|Any CPU
		{3DC16CD5-AA79-4BF7-83D9-1A4E724B12CB}.Release|Any CPU.Build.0 = Release|Any CPU
	EndGlobalSection
	GlobalSection(SolutionProperties) = preSolution
		HideSolutionNode = FALSE
	EndGlobalSection
	GlobalSection(ExtensibilityGlobals) = postSolution
		SolutionGuid = {D7D535A8-A978-4AFB-88C5-5B8986195995}
	EndGlobalSection
EndGlobal
